// !$*UTF8*$!
{
	archiveVersion = 1;
	classes = {
	};
	objectVersion = 55;
	objects = {

/* Begin PBXBuildFile section */
		D2B750502850D6590078067A /* CalendarManager.swift in Sources */ = {isa = PBXBuildFile; fileRef = D2B7504F2850D6590078067A /* CalendarManager.swift */; };
		D2B750522850E0810078067A /* CalendarCollectionHeader.swift in Sources */ = {isa = PBXBuildFile; fileRef = D2B750512850E0810078067A /* CalendarCollectionHeader.swift */; };
		D2EA19F528439D5A00C75419 /* AppDelegate.swift in Sources */ = {isa = PBXBuildFile; fileRef = D2EA19F428439D5A00C75419 /* AppDelegate.swift */; };
		D2EA19F728439D5A00C75419 /* SceneDelegate.swift in Sources */ = {isa = PBXBuildFile; fileRef = D2EA19F628439D5A00C75419 /* SceneDelegate.swift */; };
		D2EA19F928439D5A00C75419 /* ViewController.swift in Sources */ = {isa = PBXBuildFile; fileRef = D2EA19F828439D5A00C75419 /* ViewController.swift */; };
		D2EA19FE28439D5B00C75419 /* Assets.xcassets in Resources */ = {isa = PBXBuildFile; fileRef = D2EA19FD28439D5B00C75419 /* Assets.xcassets */; };
		D2EA1A0128439D5B00C75419 /* LaunchScreen.storyboard in Resources */ = {isa = PBXBuildFile; fileRef = D2EA19FF28439D5B00C75419 /* LaunchScreen.storyboard */; };
		D2EA1A0B2843A81D00C75419 /* CalendarCollectionViewCell.swift in Sources */ = {isa = PBXBuildFile; fileRef = D2EA1A0A2843A81D00C75419 /* CalendarCollectionViewCell.swift */; };
		D2EA1A132843DB5400C75419 /* CalendarCollectionLayout.swift in Sources */ = {isa = PBXBuildFile; fileRef = D2EA1A122843DB5400C75419 /* CalendarCollectionLayout.swift */; };
		D2EA1A152843DC7E00C75419 /* CalendarDateFormatter.swift in Sources */ = {isa = PBXBuildFile; fileRef = D2EA1A142843DC7E00C75419 /* CalendarDateFormatter.swift */; };
/* End PBXBuildFile section */

/* Begin PBXFileReference section */
		D2B7504F2850D6590078067A /* CalendarManager.swift */ = {isa = PBXFileReference; lastKnownFileType = sourcecode.swift; path = CalendarManager.swift; sourceTree = "<group>"; };
		D2B750512850E0810078067A /* CalendarCollectionHeader.swift */ = {isa = PBXFileReference; lastKnownFileType = sourcecode.swift; path = CalendarCollectionHeader.swift; sourceTree = "<group>"; };
		D2EA19F128439D5A00C75419 /* CustomCalendar.app */ = {isa = PBXFileReference; explicitFileType = wrapper.application; includeInIndex = 0; path = CustomCalendar.app; sourceTree = BUILT_PRODUCTS_DIR; };
		D2EA19F428439D5A00C75419 /* AppDelegate.swift */ = {isa = PBXFileReference; lastKnownFileType = sourcecode.swift; path = AppDelegate.swift; sourceTree = "<group>"; };
		D2EA19F628439D5A00C75419 /* SceneDelegate.swift */ = {isa = PBXFileReference; lastKnownFileType = sourcecode.swift; path = SceneDelegate.swift; sourceTree = "<group>"; };
		D2EA19F828439D5A00C75419 /* ViewController.swift */ = {isa = PBXFileReference; lastKnownFileType = sourcecode.swift; path = ViewController.swift; sourceTree = "<group>"; };
		D2EA19FD28439D5B00C75419 /* Assets.xcassets */ = {isa = PBXFileReference; lastKnownFileType = folder.assetcatalog; path = Assets.xcassets; sourceTree = "<group>"; };
		D2EA1A0028439D5B00C75419 /* Base */ = {isa = PBXFileReference; lastKnownFileType = file.storyboard; name = Base; path = Base.lproj/LaunchScreen.storyboard; sourceTree = "<group>"; };
		D2EA1A0228439D5B00C75419 /* Info.plist */ = {isa = PBXFileReference; lastKnownFileType = text.plist.xml; path = Info.plist; sourceTree = "<group>"; };
		D2EA1A0A2843A81D00C75419 /* CalendarCollectionViewCell.swift */ = {isa = PBXFileReference; lastKnownFileType = sourcecode.swift; path = CalendarCollectionViewCell.swift; sourceTree = "<group>"; };
		D2EA1A122843DB5400C75419 /* CalendarCollectionLayout.swift */ = {isa = PBXFileReference; lastKnownFileType = sourcecode.swift; path = CalendarCollectionLayout.swift; sourceTree = "<group>"; };
		D2EA1A142843DC7E00C75419 /* CalendarDateFormatter.swift */ = {isa = PBXFileReference; lastKnownFileType = sourcecode.swift; path = CalendarDateFormatter.swift; sourceTree = "<group>"; };
/* End PBXFileReference section */

/* Begin PBXFrameworksBuildPhase section */
		D2EA19EE28439D5A00C75419 /* Frameworks */ = {
			isa = PBXFrameworksBuildPhase;
			buildActionMask = 2147483647;
			files = (
			);
			runOnlyForDeploymentPostprocessing = 0;
		};
/* End PBXFrameworksBuildPhase section */

/* Begin PBXGroup section */
		D2B750532850E5270078067A /* CollectionView */ = {
			isa = PBXGroup;
			children = (
				D2B750512850E0810078067A /* CalendarCollectionHeader.swift */,
				D2EA1A0A2843A81D00C75419 /* CalendarCollectionViewCell.swift */,
			);
			path = CollectionView;
			sourceTree = "<group>";
		};
		D2B750542850E54B0078067A /* ViewController */ = {
			isa = PBXGroup;
			children = (
				D2EA19F828439D5A00C75419 /* ViewController.swift */,
			);
			path = ViewController;
			sourceTree = "<group>";
		};
		D2B750552850E5590078067A /* Util */ = {
			isa = PBXGroup;
			children = (
				D2EA1A142843DC7E00C75419 /* CalendarDateFormatter.swift */,
			);
			path = Util;
			sourceTree = "<group>";
		};
		D2B750562850E5700078067A /* Model */ = {
			isa = PBXGroup;
			children = (
				D2B750572850E5900078067A /* Manager */,
			);
			path = Model;
			sourceTree = "<group>";
		};
		D2B750572850E5900078067A /* Manager */ = {
			isa = PBXGroup;
			children = (
				D2B7504F2850D6590078067A /* CalendarManager.swift */,
			);
			path = Manager;
			sourceTree = "<group>";
		};
		D2B750582850E5A00078067A /* View */ = {
			isa = PBXGroup;
			children = (
				D2EA1A122843DB5400C75419 /* CalendarCollectionLayout.swift */,
				D2B750532850E5270078067A /* CollectionView */,
			);
			path = View;
			sourceTree = "<group>";
		};
		D2EA19E828439D5A00C75419 = {
			isa = PBXGroup;
			children = (
				D2EA19F328439D5A00C75419 /* CustomCalendar */,
				D2EA19F228439D5A00C75419 /* Products */,
			);
			sourceTree = "<group>";
		};
		D2EA19F228439D5A00C75419 /* Products */ = {
			isa = PBXGroup;
			children = (
				D2EA19F128439D5A00C75419 /* CustomCalendar.app */,
			);
			name = Products;
			sourceTree = "<group>";
		};
		D2EA19F328439D5A00C75419 /* CustomCalendar */ = {
			isa = PBXGroup;
			children = (
				D2B750552850E5590078067A /* Util */,
				D2B750562850E5700078067A /* Model */,
				D2B750582850E5A00078067A /* View */,
				D2B750542850E54B0078067A /* ViewController */,
				D2EA19F428439D5A00C75419 /* AppDelegate.swift */,
				D2EA19F628439D5A00C75419 /* SceneDelegate.swift */,
				D2EA19FD28439D5B00C75419 /* Assets.xcassets */,
				D2EA19FF28439D5B00C75419 /* LaunchScreen.storyboard */,
				D2EA1A0228439D5B00C75419 /* Info.plist */,
			);
			path = CustomCalendar;
			sourceTree = "<group>";
		};
/* End PBXGroup section */

/* Begin PBXNativeTarget section */
		D2EA19F028439D5A00C75419 /* CustomCalendar */ = {
			isa = PBXNativeTarget;
			buildConfigurationList = D2EA1A0528439D5B00C75419 /* Build configuration list for PBXNativeTarget "CustomCalendar" */;
			buildPhases = (
				D2EA19ED28439D5A00C75419 /* Sources */,
				D2EA19EE28439D5A00C75419 /* Frameworks */,
				D2EA19EF28439D5A00C75419 /* Resources */,
			);
			buildRules = (
			);
			dependencies = (
			);
			name = CustomCalendar;
			productName = CustomCalendar;
			productReference = D2EA19F128439D5A00C75419 /* CustomCalendar.app */;
			productType = "com.apple.product-type.application";
		};
/* End PBXNativeTarget section */

/* Begin PBXProject section */
		D2EA19E928439D5A00C75419 /* Project object */ = {
			isa = PBXProject;
			attributes = {
				BuildIndependentTargetsInParallel = 1;
				LastSwiftUpdateCheck = 1340;
				LastUpgradeCheck = 1340;
				TargetAttributes = {
					D2EA19F028439D5A00C75419 = {
						CreatedOnToolsVersion = 13.4;
					};
				};
			};
			buildConfigurationList = D2EA19EC28439D5A00C75419 /* Build configuration list for PBXProject "CustomCalendar" */;
			compatibilityVersion = "Xcode 13.0";
			developmentRegion = en;
			hasScannedForEncodings = 0;
			knownRegions = (
				en,
				Base,
			);
			mainGroup = D2EA19E828439D5A00C75419;
			productRefGroup = D2EA19F228439D5A00C75419 /* Products */;
			projectDirPath = "";
			projectRoot = "";
			targets = (
				D2EA19F028439D5A00C75419 /* CustomCalendar */,
			);
		};
/* End PBXProject section */

/* Begin PBXResourcesBuildPhase section */
		D2EA19EF28439D5A00C75419 /* Resources */ = {
			isa = PBXResourcesBuildPhase;
			buildActionMask = 2147483647;
			files = (
				D2EA1A0128439D5B00C75419 /* LaunchScreen.storyboard in Resources */,
				D2EA19FE28439D5B00C75419 /* Assets.xcassets in Resources */,
			);
			runOnlyForDeploymentPostprocessing = 0;
		};
/* End PBXResourcesBuildPhase section */

/* Begin PBXSourcesBuildPhase section */
		D2EA19ED28439D5A00C75419 /* Sources */ = {
			isa = PBXSourcesBuildPhase;
			buildActionMask = 2147483647;
			files = (
				D2B750522850E0810078067A /* CalendarCollectionHeader.swift in Sources */,
				D2EA1A132843DB5400C75419 /* CalendarCollectionLayout.swift in Sources */,
				D2EA1A152843DC7E00C75419 /* CalendarDateFormatter.swift in Sources */,
				D2EA19F928439D5A00C75419 /* ViewController.swift in Sources */,
				D2B750502850D6590078067A /* CalendarManager.swift in Sources */,
				D2EA19F528439D5A00C75419 /* AppDelegate.swift in Sources */,
				D2EA19F728439D5A00C75419 /* SceneDelegate.swift in Sources */,
				D2EA1A0B2843A81D00C75419 /* CalendarCollectionViewCell.swift in Sources */,
			);
			runOnlyForDeploymentPostprocessing = 0;
		};
/* End PBXSourcesBuildPhase section */

/* Begin PBXVariantGroup section */
		D2EA19FF28439D5B00C75419 /* LaunchScreen.storyboard */ = {
			isa = PBXVariantGroup;
			children = (
				D2EA1A0028439D5B00C75419 /* Base */,
			);
			name = LaunchScreen.storyboard;
			sourceTree = "<group>";
		};
/* End PBXVariantGroup section */

/* Begin XCBuildConfiguration section */
		D2EA1A0328439D5B00C75419 /* Debug */ = {
			isa = XCBuildConfiguration;
			buildSettings = {
				ALWAYS_SEARCH_USER_PATHS = NO;
				CLANG_ANALYZER_NONNULL = YES;
				CLANG_ANALYZER_NUMBER_OBJECT_CONVERSION = YES_AGGRESSIVE;
				CLANG_CXX_LANGUAGE_STANDARD = "gnu++17";
				CLANG_ENABLE_MODULES = YES;
				CLANG_ENABLE_OBJC_ARC = YES;
				CLANG_ENABLE_OBJC_WEAK = YES;
				CLANG_WARN_BLOCK_CAPTURE_AUTORELEASING = YES;
				CLANG_WARN_BOOL_CONVERSION = YES;
				CLANG_WARN_COMMA = YES;
				CLANG_WARN_CONSTANT_CONVERSION = YES;
				CLANG_WARN_DEPRECATED_OBJC_IMPLEMENTATIONS = YES;
				CLANG_WARN_DIRECT_OBJC_ISA_USAGE = YES_ERROR;
				CLANG_WARN_DOCUMENTATION_COMMENTS = YES;
				CLANG_WARN_EMPTY_BODY = YES;
				CLANG_WARN_ENUM_CONVERSION = YES;
				CLANG_WARN_INFINITE_RECURSION = YES;
				CLANG_WARN_INT_CONVERSION = YES;
				CLANG_WARN_NON_LITERAL_NULL_CONVERSION = YES;
				CLANG_WARN_OBJC_IMPLICIT_RETAIN_SELF = YES;
				CLANG_WARN_OBJC_LITERAL_CONVERSION = YES;
				CLANG_WARN_OBJC_ROOT_CLASS = YES_ERROR;
				CLANG_WARN_QUOTED_INCLUDE_IN_FRAMEWORK_HEADER = YES;
				CLANG_WARN_RANGE_LOOP_ANALYSIS = YES;
				CLANG_WARN_STRICT_PROTOTYPES = YES;
				CLANG_WARN_SUSPICIOUS_MOVE = YES;
				CLANG_WARN_UNGUARDED_AVAILABILITY = YES_AGGRESSIVE;
				CLANG_WARN_UNREACHABLE_CODE = YES;
				CLANG_WARN__DUPLICATE_METHOD_MATCH = YES;
				COPY_PHASE_STRIP = NO;
				DEBUG_INFORMATION_FORMAT = dwarf;
				ENABLE_STRICT_OBJC_MSGSEND = YES;
				ENABLE_TESTABILITY = YES;
				GCC_C_LANGUAGE_STANDARD = gnu11;
				GCC_DYNAMIC_NO_PIC = NO;
				GCC_NO_COMMON_BLOCKS = YES;
				GCC_OPTIMIZATION_LEVEL = 0;
				GCC_PREPROCESSOR_DEFINITIONS = (
					"DEBUG=1",
					"$(inherited)",
				);
				GCC_WARN_64_TO_32_BIT_CONVERSION = YES;
				GCC_WARN_ABOUT_RETURN_TYPE = YES_ERROR;
				GCC_WARN_UNDECLARED_SELECTOR = YES;
				GCC_WARN_UNINITIALIZED_AUTOS = YES_AGGRESSIVE;
				GCC_WARN_UNUSED_FUNCTION = YES;
				GCC_WARN_UNUSED_VARIABLE = YES;
				IPHONEOS_DEPLOYMENT_TARGET = 15.5;
				MTL_ENABLE_DEBUG_INFO = INCLUDE_SOURCE;
				MTL_FAST_MATH = YES;
				ONLY_ACTIVE_ARCH = YES;
				SDKROOT = iphoneos;
				SWIFT_ACTIVE_COMPILATION_CONDITIONS = DEBUG;
				SWIFT_OPTIMIZATION_LEVEL = "-Onone";
			};
			name = Debug;
		};
		D2EA1A0428439D5B00C75419 /* Release */ = {
			isa = XCBuildConfiguration;
			buildSettings = {
				ALWAYS_SEARCH_USER_PATHS = NO;
				CLANG_ANALYZER_NONNULL = YES;
				CLANG_ANALYZER_NUMBER_OBJECT_CONVERSION = YES_AGGRESSIVE;
				CLANG_CXX_LANGUAGE_STANDARD = "gnu++17";
				CLANG_ENABLE_MODULES = YES;
				CLANG_ENABLE_OBJC_ARC = YES;
				CLANG_ENABLE_OBJC_WEAK = YES;
				CLANG_WARN_BLOCK_CAPTURE_AUTORELEASING = YES;
				CLANG_WARN_BOOL_CONVERSION = YES;
				CLANG_WARN_COMMA = YES;
				CLANG_WARN_CONSTANT_CONVERSION = YES;
				CLANG_WARN_DEPRECATED_OBJC_IMPLEMENTATIONS = YES;
				CLANG_WARN_DIRECT_OBJC_ISA_USAGE = YES_ERROR;
				CLANG_WARN_DOCUMENTATION_COMMENTS = YES;
				CLANG_WARN_EMPTY_BODY = YES;
				CLANG_WARN_ENUM_CONVERSION = YES;
				CLANG_WARN_INFINITE_RECURSION = YES;
				CLANG_WARN_INT_CONVERSION = YES;
				CLANG_WARN_NON_LITERAL_NULL_CONVERSION = YES;
				CLANG_WARN_OBJC_IMPLICIT_RETAIN_SELF = YES;
				CLANG_WARN_OBJC_LITERAL_CONVERSION = YES;
				CLANG_WARN_OBJC_ROOT_CLASS = YES_ERROR;
				CLANG_WARN_QUOTED_INCLUDE_IN_FRAMEWORK_HEADER = YES;
				CLANG_WARN_RANGE_LOOP_ANALYSIS = YES;
				CLANG_WARN_STRICT_PROTOTYPES = YES;
				CLANG_WARN_SUSPICIOUS_MOVE = YES;
				CLANG_WARN_UNGUARDED_AVAILABILITY = YES_AGGRESSIVE;
				CLANG_WARN_UNREACHABLE_CODE = YES;
				CLANG_WARN__DUPLICATE_METHOD_MATCH = YES;
				COPY_PHASE_STRIP = NO;
				DEBUG_INFORMATION_FORMAT = "dwarf-with-dsym";
				ENABLE_NS_ASSERTIONS = NO;
				ENABLE_STRICT_OBJC_MSGSEND = YES;
				GCC_C_LANGUAGE_STANDARD = gnu11;
				GCC_NO_COMMON_BLOCKS = YES;
				GCC_WARN_64_TO_32_BIT_CONVERSION = YES;
				GCC_WARN_ABOUT_RETURN_TYPE = YES_ERROR;
				GCC_WARN_UNDECLARED_SELECTOR = YES;
				GCC_WARN_UNINITIALIZED_AUTOS = YES_AGGRESSIVE;
				GCC_WARN_UNUSED_FUNCTION = YES;
				GCC_WARN_UNUSED_VARIABLE = YES;
				IPHONEOS_DEPLOYMENT_TARGET = 15.5;
				MTL_ENABLE_DEBUG_INFO = NO;
				MTL_FAST_MATH = YES;
				SDKROOT = iphoneos;
				SWIFT_COMPILATION_MODE = wholemodule;
				SWIFT_OPTIMIZATION_LEVEL = "-O";
				VALIDATE_PRODUCT = YES;
			};
			name = Release;
		};
		D2EA1A0628439D5B00C75419 /* Debug */ = {
			isa = XCBuildConfiguration;
			buildSettings = {
				ASSETCATALOG_COMPILER_APPICON_NAME = AppIcon;
				ASSETCATALOG_COMPILER_GLOBAL_ACCENT_COLOR_NAME = AccentColor;
				CODE_SIGN_STYLE = Automatic;
				CURRENT_PROJECT_VERSION = 1;
				DEVELOPMENT_TEAM = Q646ABLXY6;
				GENERATE_INFOPLIST_FILE = YES;
				INFOPLIST_FILE = CustomCalendar/Info.plist;
				INFOPLIST_KEY_UIApplicationSupportsIndirectInputEvents = YES;
				INFOPLIST_KEY_UILaunchStoryboardName = LaunchScreen;
				INFOPLIST_KEY_UISupportedInterfaceOrientations_iPad = "UIInterfaceOrientationPortrait UIInterfaceOrientationPortraitUpsideDown UIInterfaceOrientationLandscapeLeft UIInterfaceOrientationLandscapeRight";
				INFOPLIST_KEY_UISupportedInterfaceOrientations_iPhone = "UIInterfaceOrientationPortrait UIInterfaceOrientationLandscapeLeft UIInterfaceOrientationLandscapeRight";
				LD_RUNPATH_SEARCH_PATHS = (
					"$(inherited)",
					"@executable_path/Frameworks",
				);
				MARKETING_VERSION = 1.0;
				PRODUCT_BUNDLE_IDENTIFIER = com.velog.CustomCalendar;
				PRODUCT_NAME = "$(TARGET_NAME)";
				SWIFT_EMIT_LOC_STRINGS = YES;
				SWIFT_VERSION = 5.0;
				TARGETED_DEVICE_FAMILY = "1,2";
			};
			name = Debug;
		};
		D2EA1A0728439D5B00C75419 /* Release */ = {
			isa = XCBuildConfiguration;
			buildSettings = {
				ASSETCATALOG_COMPILER_APPICON_NAME = AppIcon;
				ASSETCATALOG_COMPILER_GLOBAL_ACCENT_COLOR_NAME = AccentColor;
				CODE_SIGN_STYLE = Automatic;
				CURRENT_PROJECT_VERSION = 1;
				DEVELOPMENT_TEAM = Q646ABLXY6;
				GENERATE_INFOPLIST_FILE = YES;
				INFOPLIST_FILE = CustomCalendar/Info.plist;
				INFOPLIST_KEY_UIApplicationSupportsIndirectInputEvents = YES;
				INFOPLIST_KEY_UILaunchStoryboardName = LaunchScreen;
				INFOPLIST_KEY_UISupportedInterfaceOrientations_iPad = "UIInterfaceOrientationPortrait UIInterfaceOrientationPortraitUpsideDown UIInterfaceOrientationLandscapeLeft UIInterfaceOrientationLandscapeRight";
				INFOPLIST_KEY_UISupportedInterfaceOrientations_iPhone = "UIInterfaceOrientationPortrait UIInterfaceOrientationLandscapeLeft UIInterfaceOrientationLandscapeRight";
				LD_RUNPATH_SEARCH_PATHS = (
					"$(inherited)",
					"@executable_path/Frameworks",
				);
				MARKETING_VERSION = 1.0;
				PRODUCT_BUNDLE_IDENTIFIER = com.velog.CustomCalendar;
				PRODUCT_NAME = "$(TARGET_NAME)";
				SWIFT_EMIT_LOC_STRINGS = YES;
				SWIFT_VERSION = 5.0;
				TARGETED_DEVICE_FAMILY = "1,2";
			};
			name = Release;
		};
/* End XCBuildConfiguration section */

/* Begin XCConfigurationList section */
		D2EA19EC28439D5A00C75419 /* Build configuration list for PBXProject "CustomCalendar" */ = {
			isa = XCConfigurationList;
			buildConfigurations = (
				D2EA1A0328439D5B00C75419 /* Debug */,
				D2EA1A0428439D5B00C75419 /* Release */,
			);
			defaultConfigurationIsVisible = 0;
			defaultConfigurationName = Release;
		};
		D2EA1A0528439D5B00C75419 /* Build configuration list for PBXNativeTarget "CustomCalendar" */ = {
			isa = XCConfigurationList;
			buildConfigurations = (
				D2EA1A0628439D5B00C75419 /* Debug */,
				D2EA1A0728439D5B00C75419 /* Release */,
			);
			defaultConfigurationIsVisible = 0;
			defaultConfigurationName = Release;
		};
/* End XCConfigurationList section */
	};
	rootObject = D2EA19E928439D5A00C75419 /* Project object */;
}
